
Microsoft Visual Studio Solution File, Format Version 12.00
# Visual Studio 15
VisualStudioVersion = 15.0.27428.2005
MinimumVisualStudioVersion = 10.0.40219.1
Project("{FAE04EC0-301F-11D3-BF4B-00C04F79EFBC}") = "ShoppyHomeServer", "ShoppyHomeServer\ShoppyHomeServer.csproj", "{65A5996B-0D54-461C-911C-3ECC372B4219}"
EndProject
Project("{FAE04EC0-301F-11D3-BF4B-00C04F79EFBC}") = "ShoppyHomeClient", "ShoppyHomeClient\ShoppyHomeClient.csproj", "{351C9622-1AF9-4E96-ADB5-D0D8AA87B597}"
EndProject
Global
	GlobalSection(SolutionConfigurationPlatforms) = preSolution
		Debug|Any CPU = Debug|Any CPU
		Release|Any CPU = Release|Any CPU
	EndGlobalSection
	GlobalSection(ProjectConfigurationPlatforms) = postSolution
		{65A5996B-0D54-461C-911C-3ECC372B4219}.Debug|Any CPU.ActiveCfg = Debug|Any CPU
		{65A5996B-0D54-461C-911C-3ECC372B4219}.Debug|Any CPU.Build.0 = Debug|Any CPU
		{65A5996B-0D54-461C-911C-3ECC372B4219}.Release|Any CPU.ActiveCfg = Release|Any CPU
		{65A5996B-0D54-461C-911C-3ECC372B4219}.Release|Any CPU.Build.0 = Release|Any CPU
		{351C9622-1AF9-4E96-ADB5-D0D8AA87B597}.Debug|Any CPU.ActiveCfg = Debug|Any CPU
		{351C9622-1AF9-4E96-ADB5-D0D8AA87B597}.Debug|Any CPU.Build.0 = Debug|Any CPU
		{351C9622-1AF9-4E96-ADB5-D0D8AA87B597}.Release|Any CPU.ActiveCfg = Release|Any CPU
		{351C9622-1AF9-4E96-ADB5-D0D8AA87B597}.Release|Any CPU.Build.0 = Release|Any CPU
	EndGlobalSection
	GlobalSection(SolutionProperties) = preSolution
		HideSolutionNode = FALSE
	EndGlobalSection
	GlobalSection(ExtensibilityGlobals) = postSolution
		SolutionGuid = {4450F4CD-8A3A-4CF9-83E5-FD0E0E045D53}
	EndGlobalSection
EndGlobal
